// !$*UTF8*$!
{
	archiveVersion = 1;
	classes = {
	};
	objectVersion = 54;
	objects = {

/* Begin PBXBuildFile section */
		C689E90F26CC99C700DCE7BD /* Tests_iOS.swift in Sources */ = {isa = PBXBuildFile; fileRef = C689E90E26CC99C700DCE7BD /* Tests_iOS.swift */; };
		C689E91A26CC99C700DCE7BD /* Tests_macOS.swift in Sources */ = {isa = PBXBuildFile; fileRef = C689E91926CC99C700DCE7BD /* Tests_macOS.swift */; };
		C689E91C26CC99C700DCE7BD /* iCryptrApp.swift in Sources */ = {isa = PBXBuildFile; fileRef = C689E8F326CC99C700DCE7BD /* iCryptrApp.swift */; };
		C689E91D26CC99C700DCE7BD /* iCryptrApp.swift in Sources */ = {isa = PBXBuildFile; fileRef = C689E8F326CC99C700DCE7BD /* iCryptrApp.swift */; };
		C689E91E26CC99C700DCE7BD /* ContentView.swift in Sources */ = {isa = PBXBuildFile; fileRef = C689E8F426CC99C700DCE7BD /* ContentView.swift */; };
		C689E91F26CC99C700DCE7BD /* ContentView.swift in Sources */ = {isa = PBXBuildFile; fileRef = C689E8F426CC99C700DCE7BD /* ContentView.swift */; };
		C689E92026CC99C700DCE7BD /* Assets.xcassets in Resources */ = {isa = PBXBuildFile; fileRef = C689E8F526CC99C700DCE7BD /* Assets.xcassets */; };
		C689E92126CC99C700DCE7BD /* Assets.xcassets in Resources */ = {isa = PBXBuildFile; fileRef = C689E8F526CC99C700DCE7BD /* Assets.xcassets */; };
		C689E93D26CC9A4F00DCE7BD /* EncryptionService.swift in Sources */ = {isa = PBXBuildFile; fileRef = C689E93A26CC9A4F00DCE7BD /* EncryptionService.swift */; };
		C689E93E26CC9A4F00DCE7BD /* EncryptionService.swift in Sources */ = {isa = PBXBuildFile; fileRef = C689E93A26CC9A4F00DCE7BD /* EncryptionService.swift */; };
		C689E93F26CC9A4F00DCE7BD /* StreamCryptor.swift in Sources */ = {isa = PBXBuildFile; fileRef = C689E93B26CC9A4F00DCE7BD /* StreamCryptor.swift */; };
		C689E94026CC9A4F00DCE7BD /* StreamCryptor.swift in Sources */ = {isa = PBXBuildFile; fileRef = C689E93B26CC9A4F00DCE7BD /* StreamCryptor.swift */; };
		C689E94126CC9A4F00DCE7BD /* HelperService.swift in Sources */ = {isa = PBXBuildFile; fileRef = C689E93C26CC9A4F00DCE7BD /* HelperService.swift */; };
		C689E94226CC9A4F00DCE7BD /* HelperService.swift in Sources */ = {isa = PBXBuildFile; fileRef = C689E93C26CC9A4F00DCE7BD /* HelperService.swift */; };
		C689E94B26CC9AAD00DCE7BD /* EncryptActionView.swift in Sources */ = {isa = PBXBuildFile; fileRef = C689E94526CC9AAD00DCE7BD /* EncryptActionView.swift */; };
		C689E94C26CC9AAD00DCE7BD /* EncryptActionView.swift in Sources */ = {isa = PBXBuildFile; fileRef = C689E94526CC9AAD00DCE7BD /* EncryptActionView.swift */; };
		C6AE47462BB272F9004635D5 /* QuickLookThumbnailing.framework in Frameworks */ = {isa = PBXBuildFile; fileRef = C6AE47452BB272F9004635D5 /* QuickLookThumbnailing.framework */; };
		C6AE47492BB272F9004635D5 /* ThumbnailProvider.swift in Sources */ = {isa = PBXBuildFile; fileRef = C6AE47482BB272F9004635D5 /* ThumbnailProvider.swift */; };
		C6AE474D2BB272F9004635D5 /* ThumbnailProvider.appex in Embed Foundation Extensions */ = {isa = PBXBuildFile; fileRef = C6AE47432BB272F9004635D5 /* ThumbnailProvider.appex */; settings = {ATTRIBUTES = (RemoveHeadersOnCopy, ); }; };
		C6D398B3281DDFFA00384F8E /* test.txt in Resources */ = {isa = PBXBuildFile; fileRef = C6D398B2281DDFFA00384F8E /* test.txt */; };
		C6D398B5281DE0D100384F8E /* HelperService.swift in Sources */ = {isa = PBXBuildFile; fileRef = C689E93C26CC9A4F00DCE7BD /* HelperService.swift */; };
		C6D398B6281DE0D100384F8E /* StreamCryptor.swift in Sources */ = {isa = PBXBuildFile; fileRef = C689E93B26CC9A4F00DCE7BD /* StreamCryptor.swift */; };
		C6D398B7281DE0D400384F8E /* EncryptionService.swift in Sources */ = {isa = PBXBuildFile; fileRef = C689E93A26CC9A4F00DCE7BD /* EncryptionService.swift */; };
		C6D398B9281E5F6D00384F8E /* Extentions.swift in Sources */ = {isa = PBXBuildFile; fileRef = C6D398B8281E5F6D00384F8E /* Extentions.swift */; };
		C6D398BA281E5F6D00384F8E /* Extentions.swift in Sources */ = {isa = PBXBuildFile; fileRef = C6D398B8281E5F6D00384F8E /* Extentions.swift */; };
		C6FEE5642BA64CA0002001C7 /* ThumbnailView.swift in Sources */ = {isa = PBXBuildFile; fileRef = C6FEE5632BA64CA0002001C7 /* ThumbnailView.swift */; };
		C6FEE5652BA64CA0002001C7 /* ThumbnailView.swift in Sources */ = {isa = PBXBuildFile; fileRef = C6FEE5632BA64CA0002001C7 /* ThumbnailView.swift */; };
/* End PBXBuildFile section */

/* Begin PBXContainerItemProxy section */
		C689E90B26CC99C700DCE7BD /* PBXContainerItemProxy */ = {
			isa = PBXContainerItemProxy;
			containerPortal = C689E8EE26CC99C600DCE7BD /* Project object */;
			proxyType = 1;
			remoteGlobalIDString = C689E8F926CC99C700DCE7BD;
			remoteInfo = "iCryptr (iOS)";
		};
		C689E91626CC99C700DCE7BD /* PBXContainerItemProxy */ = {
			isa = PBXContainerItemProxy;
			containerPortal = C689E8EE26CC99C600DCE7BD /* Project object */;
			proxyType = 1;
			remoteGlobalIDString = C689E90126CC99C700DCE7BD;
			remoteInfo = "iCryptr (macOS)";
		};
		C6AE474B2BB272F9004635D5 /* PBXContainerItemProxy */ = {
			isa = PBXContainerItemProxy;
			containerPortal = C689E8EE26CC99C600DCE7BD /* Project object */;
			proxyType = 1;
			remoteGlobalIDString = C6AE47422BB272F9004635D5;
			remoteInfo = ThumbnailProvider;
		};
/* End PBXContainerItemProxy section */

/* Begin PBXCopyFilesBuildPhase section */
		C6AE47512BB272F9004635D5 /* Embed Foundation Extensions */ = {
			isa = PBXCopyFilesBuildPhase;
			buildActionMask = 2147483647;
			dstPath = "";
			dstSubfolderSpec = 13;
			files = (
				C6AE474D2BB272F9004635D5 /* ThumbnailProvider.appex in Embed Foundation Extensions */,
			);
			name = "Embed Foundation Extensions";
			runOnlyForDeploymentPostprocessing = 0;
		};
/* End PBXCopyFilesBuildPhase section */

/* Begin PBXFileReference section */
		C689E8F326CC99C700DCE7BD /* iCryptrApp.swift */ = {isa = PBXFileReference; lastKnownFileType = sourcecode.swift; path = iCryptrApp.swift; sourceTree = "<group>"; };
		C689E8F426CC99C700DCE7BD /* ContentView.swift */ = {isa = PBXFileReference; lastKnownFileType = sourcecode.swift; path = ContentView.swift; sourceTree = "<group>"; };
		C689E8F526CC99C700DCE7BD /* Assets.xcassets */ = {isa = PBXFileReference; lastKnownFileType = folder.assetcatalog; path = Assets.xcassets; sourceTree = "<group>"; };
		C689E8FA26CC99C700DCE7BD /* iCryptr.app */ = {isa = PBXFileReference; explicitFileType = wrapper.application; includeInIndex = 0; path = iCryptr.app; sourceTree = BUILT_PRODUCTS_DIR; };
		C689E8FD26CC99C700DCE7BD /* Info.plist */ = {isa = PBXFileReference; lastKnownFileType = text.plist.xml; path = Info.plist; sourceTree = "<group>"; };
		C689E90226CC99C700DCE7BD /* iCryptr.app */ = {isa = PBXFileReference; explicitFileType = wrapper.application; includeInIndex = 0; path = iCryptr.app; sourceTree = BUILT_PRODUCTS_DIR; };
		C689E90426CC99C700DCE7BD /* Info.plist */ = {isa = PBXFileReference; lastKnownFileType = text.plist.xml; path = Info.plist; sourceTree = "<group>"; };
		C689E90526CC99C700DCE7BD /* macOS.entitlements */ = {isa = PBXFileReference; lastKnownFileType = text.plist.entitlements; path = macOS.entitlements; sourceTree = "<group>"; };
		C689E90A26CC99C700DCE7BD /* Tests iOS.xctest */ = {isa = PBXFileReference; explicitFileType = wrapper.cfbundle; includeInIndex = 0; path = "Tests iOS.xctest"; sourceTree = BUILT_PRODUCTS_DIR; };
		C689E90E26CC99C700DCE7BD /* Tests_iOS.swift */ = {isa = PBXFileReference; lastKnownFileType = sourcecode.swift; path = Tests_iOS.swift; sourceTree = "<group>"; };
		C689E91026CC99C700DCE7BD /* Info.plist */ = {isa = PBXFileReference; lastKnownFileType = text.plist.xml; path = Info.plist; sourceTree = "<group>"; };
		C689E91526CC99C700DCE7BD /* Tests macOS.xctest */ = {isa = PBXFileReference; explicitFileType = wrapper.cfbundle; includeInIndex = 0; path = "Tests macOS.xctest"; sourceTree = BUILT_PRODUCTS_DIR; };
		C689E91926CC99C700DCE7BD /* Tests_macOS.swift */ = {isa = PBXFileReference; lastKnownFileType = sourcecode.swift; path = Tests_macOS.swift; sourceTree = "<group>"; };
		C689E91B26CC99C700DCE7BD /* Info.plist */ = {isa = PBXFileReference; lastKnownFileType = text.plist.xml; path = Info.plist; sourceTree = "<group>"; };
		C689E93A26CC9A4F00DCE7BD /* EncryptionService.swift */ = {isa = PBXFileReference; fileEncoding = 4; lastKnownFileType = sourcecode.swift; path = EncryptionService.swift; sourceTree = "<group>"; };
		C689E93B26CC9A4F00DCE7BD /* StreamCryptor.swift */ = {isa = PBXFileReference; fileEncoding = 4; lastKnownFileType = sourcecode.swift; path = StreamCryptor.swift; sourceTree = "<group>"; };
		C689E93C26CC9A4F00DCE7BD /* HelperService.swift */ = {isa = PBXFileReference; fileEncoding = 4; lastKnownFileType = sourcecode.swift; path = HelperService.swift; sourceTree = "<group>"; };
		C689E94526CC9AAD00DCE7BD /* EncryptActionView.swift */ = {isa = PBXFileReference; fileEncoding = 4; lastKnownFileType = sourcecode.swift; path = EncryptActionView.swift; sourceTree = "<group>"; };
		C6AE47432BB272F9004635D5 /* ThumbnailProvider.appex */ = {isa = PBXFileReference; explicitFileType = "wrapper.app-extension"; includeInIndex = 0; path = ThumbnailProvider.appex; sourceTree = BUILT_PRODUCTS_DIR; };
		C6AE47452BB272F9004635D5 /* QuickLookThumbnailing.framework */ = {isa = PBXFileReference; lastKnownFileType = wrapper.framework; name = QuickLookThumbnailing.framework; path = System/Library/Frameworks/QuickLookThumbnailing.framework; sourceTree = SDKROOT; };
		C6AE47482BB272F9004635D5 /* ThumbnailProvider.swift */ = {isa = PBXFileReference; lastKnownFileType = sourcecode.swift; path = ThumbnailProvider.swift; sourceTree = "<group>"; };
		C6AE474A2BB272F9004635D5 /* Info.plist */ = {isa = PBXFileReference; lastKnownFileType = text.plist.xml; path = Info.plist; sourceTree = "<group>"; };
		C6D398B2281DDFFA00384F8E /* test.txt */ = {isa = PBXFileReference; fileEncoding = 4; lastKnownFileType = text; path = test.txt; sourceTree = "<group>"; };
		C6D398B8281E5F6D00384F8E /* Extentions.swift */ = {isa = PBXFileReference; lastKnownFileType = sourcecode.swift; path = Extentions.swift; sourceTree = "<group>"; };
		C6FEE5632BA64CA0002001C7 /* ThumbnailView.swift */ = {isa = PBXFileReference; lastKnownFileType = sourcecode.swift; path = ThumbnailView.swift; sourceTree = "<group>"; };
/* End PBXFileReference section */

/* Begin PBXFrameworksBuildPhase section */
		C689E8F726CC99C700DCE7BD /* Frameworks */ = {
			isa = PBXFrameworksBuildPhase;
			buildActionMask = 2147483647;
			files = (
			);
			runOnlyForDeploymentPostprocessing = 0;
		};
		C689E8FF26CC99C700DCE7BD /* Frameworks */ = {
			isa = PBXFrameworksBuildPhase;
			buildActionMask = 2147483647;
			files = (
			);
			runOnlyForDeploymentPostprocessing = 0;
		};
		C689E90726CC99C700DCE7BD /* Frameworks */ = {
			isa = PBXFrameworksBuildPhase;
			buildActionMask = 2147483647;
			files = (
			);
			runOnlyForDeploymentPostprocessing = 0;
		};
		C689E91226CC99C700DCE7BD /* Frameworks */ = {
			isa = PBXFrameworksBuildPhase;
			buildActionMask = 2147483647;
			files = (
			);
			runOnlyForDeploymentPostprocessing = 0;
		};
		C6AE47402BB272F9004635D5 /* Frameworks */ = {
			isa = PBXFrameworksBuildPhase;
			buildActionMask = 2147483647;
			files = (
				C6AE47462BB272F9004635D5 /* QuickLookThumbnailing.framework in Frameworks */,
			);
			runOnlyForDeploymentPostprocessing = 0;
		};
/* End PBXFrameworksBuildPhase section */

/* Begin PBXGroup section */
		C67C934C2A43C1BC003B7D7E /* Models */ = {
			isa = PBXGroup;
			children = (
				C689E93B26CC9A4F00DCE7BD /* StreamCryptor.swift */,
			);
			path = Models;
			sourceTree = "<group>";
		};
		C689E8ED26CC99C600DCE7BD = {
			isa = PBXGroup;
			children = (
				C689E8F226CC99C700DCE7BD /* Shared */,
				C689E8FC26CC99C700DCE7BD /* iOS */,
				C689E90326CC99C700DCE7BD /* macOS */,
				C689E90D26CC99C700DCE7BD /* Tests iOS */,
				C689E91826CC99C700DCE7BD /* Tests macOS */,
				C6AE47472BB272F9004635D5 /* ThumbnailProvider */,
				C6AE47442BB272F9004635D5 /* Frameworks */,
				C689E8FB26CC99C700DCE7BD /* Products */,
			);
			sourceTree = "<group>";
		};
		C689E8F226CC99C700DCE7BD /* Shared */ = {
			isa = PBXGroup;
			children = (
				C67C934C2A43C1BC003B7D7E /* Models */,
				C6EC5F7526D307A800244A3D /* Controller */,
				C689E94F26CC9ABD00DCE7BD /* Views */,
				C689E93026CC9A0D00DCE7BD /* Services */,
				C689E8F326CC99C700DCE7BD /* iCryptrApp.swift */,
				C689E8F526CC99C700DCE7BD /* Assets.xcassets */,
			);
			path = Shared;
			sourceTree = "<group>";
		};
		C689E8FB26CC99C700DCE7BD /* Products */ = {
			isa = PBXGroup;
			children = (
				C689E8FA26CC99C700DCE7BD /* iCryptr.app */,
				C689E90226CC99C700DCE7BD /* iCryptr.app */,
				C689E90A26CC99C700DCE7BD /* Tests iOS.xctest */,
				C689E91526CC99C700DCE7BD /* Tests macOS.xctest */,
				C6AE47432BB272F9004635D5 /* ThumbnailProvider.appex */,
			);
			name = Products;
			sourceTree = "<group>";
		};
		C689E8FC26CC99C700DCE7BD /* iOS */ = {
			isa = PBXGroup;
			children = (
				C689E8FD26CC99C700DCE7BD /* Info.plist */,
			);
			path = iOS;
			sourceTree = "<group>";
		};
		C689E90326CC99C700DCE7BD /* macOS */ = {
			isa = PBXGroup;
			children = (
				C689E90426CC99C700DCE7BD /* Info.plist */,
				C689E90526CC99C700DCE7BD /* macOS.entitlements */,
			);
			path = macOS;
			sourceTree = "<group>";
		};
		C689E90D26CC99C700DCE7BD /* Tests iOS */ = {
			isa = PBXGroup;
			children = (
				C689E90E26CC99C700DCE7BD /* Tests_iOS.swift */,
				C689E91026CC99C700DCE7BD /* Info.plist */,
				C6D398B2281DDFFA00384F8E /* test.txt */,
			);
			path = "Tests iOS";
			sourceTree = "<group>";
		};
		C689E91826CC99C700DCE7BD /* Tests macOS */ = {
			isa = PBXGroup;
			children = (
				C689E91926CC99C700DCE7BD /* Tests_macOS.swift */,
				C689E91B26CC99C700DCE7BD /* Info.plist */,
			);
			path = "Tests macOS";
			sourceTree = "<group>";
		};
		C689E93026CC9A0D00DCE7BD /* Services */ = {
			isa = PBXGroup;
			children = (
				C689E93A26CC9A4F00DCE7BD /* EncryptionService.swift */,
				C689E93C26CC9A4F00DCE7BD /* HelperService.swift */,
				C6D398B8281E5F6D00384F8E /* Extentions.swift */,
			);
			path = Services;
			sourceTree = "<group>";
		};
		C689E94F26CC9ABD00DCE7BD /* Views */ = {
			isa = PBXGroup;
			children = (
				C689E8F426CC99C700DCE7BD /* ContentView.swift */,
				C689E94526CC9AAD00DCE7BD /* EncryptActionView.swift */,
				C6FEE5632BA64CA0002001C7 /* ThumbnailView.swift */,
			);
			path = Views;
			sourceTree = "<group>";
		};
		C6AE47442BB272F9004635D5 /* Frameworks */ = {
			isa = PBXGroup;
			children = (
				C6AE47452BB272F9004635D5 /* QuickLookThumbnailing.framework */,
			);
			name = Frameworks;
			sourceTree = "<group>";
		};
		C6AE47472BB272F9004635D5 /* ThumbnailProvider */ = {
			isa = PBXGroup;
			children = (
				C6AE47482BB272F9004635D5 /* ThumbnailProvider.swift */,
				C6AE474A2BB272F9004635D5 /* Info.plist */,
			);
			path = ThumbnailProvider;
			sourceTree = "<group>";
		};
		C6EC5F7526D307A800244A3D /* Controller */ = {
			isa = PBXGroup;
			children = (
			);
			path = Controller;
			sourceTree = "<group>";
		};
/* End PBXGroup section */

/* Begin PBXNativeTarget section */
		C689E8F926CC99C700DCE7BD /* iCryptr (iOS) */ = {
			isa = PBXNativeTarget;
			buildConfigurationList = C689E92426CC99C700DCE7BD /* Build configuration list for PBXNativeTarget "iCryptr (iOS)" */;
			buildPhases = (
				C689E8F626CC99C700DCE7BD /* Sources */,
				C689E8F726CC99C700DCE7BD /* Frameworks */,
				C689E8F826CC99C700DCE7BD /* Resources */,
				C6AE47512BB272F9004635D5 /* Embed Foundation Extensions */,
			);
			buildRules = (
			);
			dependencies = (
				C6AE474C2BB272F9004635D5 /* PBXTargetDependency */,
			);
			name = "iCryptr (iOS)";
			productName = "iCryptr (iOS)";
			productReference = C689E8FA26CC99C700DCE7BD /* iCryptr.app */;
			productType = "com.apple.product-type.application";
		};
		C689E90126CC99C700DCE7BD /* iCryptr (macOS) */ = {
			isa = PBXNativeTarget;
			buildConfigurationList = C689E92726CC99C700DCE7BD /* Build configuration list for PBXNativeTarget "iCryptr (macOS)" */;
			buildPhases = (
				C689E8FE26CC99C700DCE7BD /* Sources */,
				C689E8FF26CC99C700DCE7BD /* Frameworks */,
				C689E90026CC99C700DCE7BD /* Resources */,
			);
			buildRules = (
			);
			dependencies = (
			);
			name = "iCryptr (macOS)";
			productName = "iCryptr (macOS)";
			productReference = C689E90226CC99C700DCE7BD /* iCryptr.app */;
			productType = "com.apple.product-type.application";
		};
		C689E90926CC99C700DCE7BD /* Tests iOS */ = {
			isa = PBXNativeTarget;
			buildConfigurationList = C689E92A26CC99C700DCE7BD /* Build configuration list for PBXNativeTarget "Tests iOS" */;
			buildPhases = (
				C689E90626CC99C700DCE7BD /* Sources */,
				C689E90726CC99C700DCE7BD /* Frameworks */,
				C689E90826CC99C700DCE7BD /* Resources */,
			);
			buildRules = (
			);
			dependencies = (
				C689E90C26CC99C700DCE7BD /* PBXTargetDependency */,
			);
			name = "Tests iOS";
			productName = "Tests iOS";
			productReference = C689E90A26CC99C700DCE7BD /* Tests iOS.xctest */;
			productType = "com.apple.product-type.bundle.ui-testing";
		};
		C689E91426CC99C700DCE7BD /* Tests macOS */ = {
			isa = PBXNativeTarget;
			buildConfigurationList = C689E92D26CC99C700DCE7BD /* Build configuration list for PBXNativeTarget "Tests macOS" */;
			buildPhases = (
				C689E91126CC99C700DCE7BD /* Sources */,
				C689E91226CC99C700DCE7BD /* Frameworks */,
				C689E91326CC99C700DCE7BD /* Resources */,
			);
			buildRules = (
			);
			dependencies = (
				C689E91726CC99C700DCE7BD /* PBXTargetDependency */,
			);
			name = "Tests macOS";
			productName = "Tests macOS";
			productReference = C689E91526CC99C700DCE7BD /* Tests macOS.xctest */;
			productType = "com.apple.product-type.bundle.ui-testing";
		};
		C6AE47422BB272F9004635D5 /* ThumbnailProvider */ = {
			isa = PBXNativeTarget;
			buildConfigurationList = C6AE474E2BB272F9004635D5 /* Build configuration list for PBXNativeTarget "ThumbnailProvider" */;
			buildPhases = (
				C6AE473F2BB272F9004635D5 /* Sources */,
				C6AE47402BB272F9004635D5 /* Frameworks */,
				C6AE47412BB272F9004635D5 /* Resources */,
			);
			buildRules = (
			);
			dependencies = (
			);
			name = ThumbnailProvider;
			productName = ThumbnailProvider;
			productReference = C6AE47432BB272F9004635D5 /* ThumbnailProvider.appex */;
			productType = "com.apple.product-type.app-extension";
		};
/* End PBXNativeTarget section */

/* Begin PBXProject section */
		C689E8EE26CC99C600DCE7BD /* Project object */ = {
			isa = PBXProject;
			attributes = {
				BuildIndependentTargetsInParallel = YES;
				LastSwiftUpdateCheck = 1530;
				LastUpgradeCheck = 1520;
				TargetAttributes = {
					C689E8F926CC99C700DCE7BD = {
						CreatedOnToolsVersion = 12.5.1;
					};
					C689E90126CC99C700DCE7BD = {
						CreatedOnToolsVersion = 12.5.1;
					};
					C689E90926CC99C700DCE7BD = {
						CreatedOnToolsVersion = 12.5.1;
						TestTargetID = C689E8F926CC99C700DCE7BD;
					};
					C689E91426CC99C700DCE7BD = {
						CreatedOnToolsVersion = 12.5.1;
						TestTargetID = C689E90126CC99C700DCE7BD;
					};
					C6AE47422BB272F9004635D5 = {
						CreatedOnToolsVersion = 15.3;
					};
				};
			};
			buildConfigurationList = C689E8F126CC99C600DCE7BD /* Build configuration list for PBXProject "iCryptr" */;
			compatibilityVersion = "Xcode 9.3";
			developmentRegion = en;
			hasScannedForEncodings = 0;
			knownRegions = (
				en,
				Base,
			);
			mainGroup = C689E8ED26CC99C600DCE7BD;
			productRefGroup = C689E8FB26CC99C700DCE7BD /* Products */;
			projectDirPath = "";
			projectRoot = "";
			targets = (
				C689E8F926CC99C700DCE7BD /* iCryptr (iOS) */,
				C689E90126CC99C700DCE7BD /* iCryptr (macOS) */,
				C689E90926CC99C700DCE7BD /* Tests iOS */,
				C689E91426CC99C700DCE7BD /* Tests macOS */,
				C6AE47422BB272F9004635D5 /* ThumbnailProvider */,
			);
		};
/* End PBXProject section */

/* Begin PBXResourcesBuildPhase section */
		C689E8F826CC99C700DCE7BD /* Resources */ = {
			isa = PBXResourcesBuildPhase;
			buildActionMask = 2147483647;
			files = (
				C689E92026CC99C700DCE7BD /* Assets.xcassets in Resources */,
			);
			runOnlyForDeploymentPostprocessing = 0;
		};
		C689E90026CC99C700DCE7BD /* Resources */ = {
			isa = PBXResourcesBuildPhase;
			buildActionMask = 2147483647;
			files = (
				C689E92126CC99C700DCE7BD /* Assets.xcassets in Resources */,
			);
			runOnlyForDeploymentPostprocessing = 0;
		};
		C689E90826CC99C700DCE7BD /* Resources */ = {
			isa = PBXResourcesBuildPhase;
			buildActionMask = 2147483647;
			files = (
				C6D398B3281DDFFA00384F8E /* test.txt in Resources */,
			);
			runOnlyForDeploymentPostprocessing = 0;
		};
		C689E91326CC99C700DCE7BD /* Resources */ = {
			isa = PBXResourcesBuildPhase;
			buildActionMask = 2147483647;
			files = (
			);
			runOnlyForDeploymentPostprocessing = 0;
		};
		C6AE47412BB272F9004635D5 /* Resources */ = {
			isa = PBXResourcesBuildPhase;
			buildActionMask = 2147483647;
			files = (
			);
			runOnlyForDeploymentPostprocessing = 0;
		};
/* End PBXResourcesBuildPhase section */

/* Begin PBXSourcesBuildPhase section */
		C689E8F626CC99C700DCE7BD /* Sources */ = {
			isa = PBXSourcesBuildPhase;
			buildActionMask = 2147483647;
			files = (
				C689E94B26CC9AAD00DCE7BD /* EncryptActionView.swift in Sources */,
				C689E91E26CC99C700DCE7BD /* ContentView.swift in Sources */,
				C689E94126CC9A4F00DCE7BD /* HelperService.swift in Sources */,
				C689E93F26CC9A4F00DCE7BD /* StreamCryptor.swift in Sources */,
				C689E91C26CC99C700DCE7BD /* iCryptrApp.swift in Sources */,
				C6D398B9281E5F6D00384F8E /* Extentions.swift in Sources */,
				C689E93D26CC9A4F00DCE7BD /* EncryptionService.swift in Sources */,
				C6FEE5642BA64CA0002001C7 /* ThumbnailView.swift in Sources */,
			);
			runOnlyForDeploymentPostprocessing = 0;
		};
		C689E8FE26CC99C700DCE7BD /* Sources */ = {
			isa = PBXSourcesBuildPhase;
			buildActionMask = 2147483647;
			files = (
				C689E94C26CC9AAD00DCE7BD /* EncryptActionView.swift in Sources */,
				C689E91F26CC99C700DCE7BD /* ContentView.swift in Sources */,
				C689E94226CC9A4F00DCE7BD /* HelperService.swift in Sources */,
				C689E94026CC9A4F00DCE7BD /* StreamCryptor.swift in Sources */,
				C689E91D26CC99C700DCE7BD /* iCryptrApp.swift in Sources */,
				C689E93E26CC9A4F00DCE7BD /* EncryptionService.swift in Sources */,
				C6FEE5652BA64CA0002001C7 /* ThumbnailView.swift in Sources */,
			);
			runOnlyForDeploymentPostprocessing = 0;
		};
		C689E90626CC99C700DCE7BD /* Sources */ = {
			isa = PBXSourcesBuildPhase;
			buildActionMask = 2147483647;
			files = (
				C6D398B7281DE0D400384F8E /* EncryptionService.swift in Sources */,
				C689E90F26CC99C700DCE7BD /* Tests_iOS.swift in Sources */,
				C6D398BA281E5F6D00384F8E /* Extentions.swift in Sources */,
				C6D398B6281DE0D100384F8E /* StreamCryptor.swift in Sources */,
				C6D398B5281DE0D100384F8E /* HelperService.swift in Sources */,
			);
			runOnlyForDeploymentPostprocessing = 0;
		};
		C689E91126CC99C700DCE7BD /* Sources */ = {
			isa = PBXSourcesBuildPhase;
			buildActionMask = 2147483647;
			files = (
				C689E91A26CC99C700DCE7BD /* Tests_macOS.swift in Sources */,
			);
			runOnlyForDeploymentPostprocessing = 0;
		};
		C6AE473F2BB272F9004635D5 /* Sources */ = {
			isa = PBXSourcesBuildPhase;
			buildActionMask = 2147483647;
			files = (
				C6AE47492BB272F9004635D5 /* ThumbnailProvider.swift in Sources */,
			);
			runOnlyForDeploymentPostprocessing = 0;
		};
/* End PBXSourcesBuildPhase section */

/* Begin PBXTargetDependency section */
		C689E90C26CC99C700DCE7BD /* PBXTargetDependency */ = {
			isa = PBXTargetDependency;
			target = C689E8F926CC99C700DCE7BD /* iCryptr (iOS) */;
			targetProxy = C689E90B26CC99C700DCE7BD /* PBXContainerItemProxy */;
		};
		C689E91726CC99C700DCE7BD /* PBXTargetDependency */ = {
			isa = PBXTargetDependency;
			target = C689E90126CC99C700DCE7BD /* iCryptr (macOS) */;
			targetProxy = C689E91626CC99C700DCE7BD /* PBXContainerItemProxy */;
		};
		C6AE474C2BB272F9004635D5 /* PBXTargetDependency */ = {
			isa = PBXTargetDependency;
			target = C6AE47422BB272F9004635D5 /* ThumbnailProvider */;
			targetProxy = C6AE474B2BB272F9004635D5 /* PBXContainerItemProxy */;
		};
/* End PBXTargetDependency section */

/* Begin XCBuildConfiguration section */
		C689E92226CC99C700DCE7BD /* Debug */ = {
			isa = XCBuildConfiguration;
			buildSettings = {
				ALWAYS_SEARCH_USER_PATHS = NO;
				CLANG_ANALYZER_NONNULL = YES;
				CLANG_ANALYZER_NUMBER_OBJECT_CONVERSION = YES_AGGRESSIVE;
				CLANG_CXX_LANGUAGE_STANDARD = "gnu++14";
				CLANG_CXX_LIBRARY = "libc++";
				CLANG_ENABLE_MODULES = YES;
				CLANG_ENABLE_OBJC_ARC = YES;
				CLANG_ENABLE_OBJC_WEAK = YES;
				CLANG_WARN_BLOCK_CAPTURE_AUTORELEASING = YES;
				CLANG_WARN_BOOL_CONVERSION = YES;
				CLANG_WARN_COMMA = YES;
				CLANG_WARN_CONSTANT_CONVERSION = YES;
				CLANG_WARN_DEPRECATED_OBJC_IMPLEMENTATIONS = YES;
				CLANG_WARN_DIRECT_OBJC_ISA_USAGE = YES_ERROR;
				CLANG_WARN_DOCUMENTATION_COMMENTS = YES;
				CLANG_WARN_EMPTY_BODY = YES;
				CLANG_WARN_ENUM_CONVERSION = YES;
				CLANG_WARN_INFINITE_RECURSION = YES;
				CLANG_WARN_INT_CONVERSION = YES;
				CLANG_WARN_NON_LITERAL_NULL_CONVERSION = YES;
				CLANG_WARN_OBJC_IMPLICIT_RETAIN_SELF = YES;
				CLANG_WARN_OBJC_LITERAL_CONVERSION = YES;
				CLANG_WARN_OBJC_ROOT_CLASS = YES_ERROR;
				CLANG_WARN_QUOTED_INCLUDE_IN_FRAMEWORK_HEADER = YES;
				CLANG_WARN_RANGE_LOOP_ANALYSIS = YES;
				CLANG_WARN_STRICT_PROTOTYPES = YES;
				CLANG_WARN_SUSPICIOUS_MOVE = YES;
				CLANG_WARN_UNGUARDED_AVAILABILITY = YES_AGGRESSIVE;
				CLANG_WARN_UNREACHABLE_CODE = YES;
				CLANG_WARN__DUPLICATE_METHOD_MATCH = YES;
				COPY_PHASE_STRIP = NO;
				DEAD_CODE_STRIPPING = YES;
				DEBUG_INFORMATION_FORMAT = dwarf;
				ENABLE_STRICT_OBJC_MSGSEND = YES;
				ENABLE_TESTABILITY = YES;
				ENABLE_USER_SCRIPT_SANDBOXING = YES;
				GCC_C_LANGUAGE_STANDARD = gnu11;
				GCC_DYNAMIC_NO_PIC = NO;
				GCC_NO_COMMON_BLOCKS = YES;
				GCC_OPTIMIZATION_LEVEL = 0;
				GCC_PREPROCESSOR_DEFINITIONS = (
					"DEBUG=1",
					"$(inherited)",
				);
				GCC_WARN_64_TO_32_BIT_CONVERSION = YES;
				GCC_WARN_ABOUT_RETURN_TYPE = YES_ERROR;
				GCC_WARN_UNDECLARED_SELECTOR = YES;
				GCC_WARN_UNINITIALIZED_AUTOS = YES_AGGRESSIVE;
				GCC_WARN_UNUSED_FUNCTION = YES;
				GCC_WARN_UNUSED_VARIABLE = YES;
				MTL_ENABLE_DEBUG_INFO = INCLUDE_SOURCE;
				MTL_FAST_MATH = YES;
				ONLY_ACTIVE_ARCH = YES;
				SWIFT_ACTIVE_COMPILATION_CONDITIONS = DEBUG;
				SWIFT_OPTIMIZATION_LEVEL = "-Onone";
			};
			name = Debug;
		};
		C689E92326CC99C700DCE7BD /* Release */ = {
			isa = XCBuildConfiguration;
			buildSettings = {
				ALWAYS_SEARCH_USER_PATHS = NO;
				CLANG_ANALYZER_NONNULL = YES;
				CLANG_ANALYZER_NUMBER_OBJECT_CONVERSION = YES_AGGRESSIVE;
				CLANG_CXX_LANGUAGE_STANDARD = "gnu++14";
				CLANG_CXX_LIBRARY = "libc++";
				CLANG_ENABLE_MODULES = YES;
				CLANG_ENABLE_OBJC_ARC = YES;
				CLANG_ENABLE_OBJC_WEAK = YES;
				CLANG_WARN_BLOCK_CAPTURE_AUTORELEASING = YES;
				CLANG_WARN_BOOL_CONVERSION = YES;
				CLANG_WARN_COMMA = YES;
				CLANG_WARN_CONSTANT_CONVERSION = YES;
				CLANG_WARN_DEPRECATED_OBJC_IMPLEMENTATIONS = YES;
				CLANG_WARN_DIRECT_OBJC_ISA_USAGE = YES_ERROR;
				CLANG_WARN_DOCUMENTATION_COMMENTS = YES;
				CLANG_WARN_EMPTY_BODY = YES;
				CLANG_WARN_ENUM_CONVERSION = YES;
				CLANG_WARN_INFINITE_RECURSION = YES;
				CLANG_WARN_INT_CONVERSION = YES;
				CLANG_WARN_NON_LITERAL_NULL_CONVERSION = YES;
				CLANG_WARN_OBJC_IMPLICIT_RETAIN_SELF = YES;
				CLANG_WARN_OBJC_LITERAL_CONVERSION = YES;
				CLANG_WARN_OBJC_ROOT_CLASS = YES_ERROR;
				CLANG_WARN_QUOTED_INCLUDE_IN_FRAMEWORK_HEADER = YES;
				CLANG_WARN_RANGE_LOOP_ANALYSIS = YES;
				CLANG_WARN_STRICT_PROTOTYPES = YES;
				CLANG_WARN_SUSPICIOUS_MOVE = YES;
				CLANG_WARN_UNGUARDED_AVAILABILITY = YES_AGGRESSIVE;
				CLANG_WARN_UNREACHABLE_CODE = YES;
				CLANG_WARN__DUPLICATE_METHOD_MATCH = YES;
				COPY_PHASE_STRIP = NO;
				DEAD_CODE_STRIPPING = YES;
				DEBUG_INFORMATION_FORMAT = "dwarf-with-dsym";
				ENABLE_NS_ASSERTIONS = NO;
				ENABLE_STRICT_OBJC_MSGSEND = YES;
				ENABLE_USER_SCRIPT_SANDBOXING = YES;
				GCC_C_LANGUAGE_STANDARD = gnu11;
				GCC_NO_COMMON_BLOCKS = YES;
				GCC_WARN_64_TO_32_BIT_CONVERSION = YES;
				GCC_WARN_ABOUT_RETURN_TYPE = YES_ERROR;
				GCC_WARN_UNDECLARED_SELECTOR = YES;
				GCC_WARN_UNINITIALIZED_AUTOS = YES_AGGRESSIVE;
				GCC_WARN_UNUSED_FUNCTION = YES;
				GCC_WARN_UNUSED_VARIABLE = YES;
				MTL_ENABLE_DEBUG_INFO = NO;
				MTL_FAST_MATH = YES;
				SWIFT_COMPILATION_MODE = wholemodule;
				SWIFT_OPTIMIZATION_LEVEL = "-O";
			};
			name = Release;
		};
		C689E92526CC99C700DCE7BD /* Debug */ = {
			isa = XCBuildConfiguration;
			buildSettings = {
				ALWAYS_EMBED_SWIFT_STANDARD_LIBRARIES = YES;
				ASSETCATALOG_COMPILER_APPICON_NAME = AppIcon;
				ASSETCATALOG_COMPILER_GLOBAL_ACCENT_COLOR_NAME = AccentColor;
				CODE_SIGN_STYLE = Automatic;
				DEVELOPMENT_TEAM = Y6FW7TXMBT;
				ENABLE_PREVIEWS = YES;
				INFOPLIST_FILE = iOS/Info.plist;
				IPHONEOS_DEPLOYMENT_TARGET = 17.0;
				LD_RUNPATH_SEARCH_PATHS = (
					"$(inherited)",
					"@executable_path/Frameworks",
				);
				PRODUCT_BUNDLE_IDENTIFIER = com.brendanlindsey.iCryptr;
				PRODUCT_NAME = iCryptr;
				SDKROOT = iphoneos;
				SWIFT_VERSION = 5.0;
				TARGETED_DEVICE_FAMILY = "1,2";
			};
			name = Debug;
		};
		C689E92626CC99C700DCE7BD /* Release */ = {
			isa = XCBuildConfiguration;
			buildSettings = {
				ALWAYS_EMBED_SWIFT_STANDARD_LIBRARIES = YES;
				ASSETCATALOG_COMPILER_APPICON_NAME = AppIcon;
				ASSETCATALOG_COMPILER_GLOBAL_ACCENT_COLOR_NAME = AccentColor;
				CODE_SIGN_STYLE = Automatic;
				DEVELOPMENT_TEAM = Y6FW7TXMBT;
				ENABLE_PREVIEWS = YES;
				INFOPLIST_FILE = iOS/Info.plist;
				IPHONEOS_DEPLOYMENT_TARGET = 17.0;
				LD_RUNPATH_SEARCH_PATHS = (
					"$(inherited)",
					"@executable_path/Frameworks",
				);
				PRODUCT_BUNDLE_IDENTIFIER = com.brendanlindsey.iCryptr;
				PRODUCT_NAME = iCryptr;
				SDKROOT = iphoneos;
				SWIFT_VERSION = 5.0;
				TARGETED_DEVICE_FAMILY = "1,2";
				VALIDATE_PRODUCT = YES;
			};
			name = Release;
		};
		C689E92826CC99C700DCE7BD /* Debug */ = {
			isa = XCBuildConfiguration;
			buildSettings = {
				ASSETCATALOG_COMPILER_APPICON_NAME = AppIcon;
				ASSETCATALOG_COMPILER_GLOBAL_ACCENT_COLOR_NAME = AccentColor;
				CODE_SIGN_ENTITLEMENTS = macOS/macOS.entitlements;
				CODE_SIGN_IDENTITY = "-";
				CODE_SIGN_STYLE = Automatic;
				COMBINE_HIDPI_IMAGES = YES;
				DEAD_CODE_STRIPPING = YES;
				DEVELOPMENT_TEAM = Y6FW7TXMBT;
				ENABLE_HARDENED_RUNTIME = YES;
				ENABLE_PREVIEWS = YES;
				INFOPLIST_FILE = macOS/Info.plist;
				LD_RUNPATH_SEARCH_PATHS = (
					"$(inherited)",
					"@executable_path/../Frameworks",
				);
				MACOSX_DEPLOYMENT_TARGET = 11.0;
				PRODUCT_BUNDLE_IDENTIFIER = com.brendanlindsey.iCryptr.iCryptr;
				PRODUCT_NAME = iCryptr;
				SDKROOT = macosx;
				SWIFT_VERSION = 5.0;
			};
			name = Debug;
		};
		C689E92926CC99C700DCE7BD /* Release */ = {
			isa = XCBuildConfiguration;
			buildSettings = {
				ASSETCATALOG_COMPILER_APPICON_NAME = AppIcon;
				ASSETCATALOG_COMPILER_GLOBAL_ACCENT_COLOR_NAME = AccentColor;
				CODE_SIGN_ENTITLEMENTS = macOS/macOS.entitlements;
				CODE_SIGN_IDENTITY = "-";
				CODE_SIGN_STYLE = Automatic;
				COMBINE_HIDPI_IMAGES = YES;
				DEAD_CODE_STRIPPING = YES;
				DEVELOPMENT_TEAM = Y6FW7TXMBT;
				ENABLE_HARDENED_RUNTIME = YES;
				ENABLE_PREVIEWS = YES;
				INFOPLIST_FILE = macOS/Info.plist;
				LD_RUNPATH_SEARCH_PATHS = (
					"$(inherited)",
					"@executable_path/../Frameworks",
				);
				MACOSX_DEPLOYMENT_TARGET = 11.0;
				PRODUCT_BUNDLE_IDENTIFIER = com.brendanlindsey.iCryptr.iCryptr;
				PRODUCT_NAME = iCryptr;
				SDKROOT = macosx;
				SWIFT_VERSION = 5.0;
			};
			name = Release;
		};
		C689E92B26CC99C700DCE7BD /* Debug */ = {
			isa = XCBuildConfiguration;
			buildSettings = {
				ALWAYS_EMBED_SWIFT_STANDARD_LIBRARIES = YES;
				CODE_SIGN_STYLE = Automatic;
				DEVELOPMENT_TEAM = Y6FW7TXMBT;
				INFOPLIST_FILE = "Tests iOS/Info.plist";
				IPHONEOS_DEPLOYMENT_TARGET = 17.0;
				LD_RUNPATH_SEARCH_PATHS = (
					"$(inherited)",
					"@executable_path/Frameworks",
					"@loader_path/Frameworks",
				);
				PRODUCT_BUNDLE_IDENTIFIER = "com.brendanlindsey.iCryptr.Tests-iOS";
				PRODUCT_NAME = "$(TARGET_NAME)";
				SDKROOT = iphoneos;
				SWIFT_VERSION = 5.0;
				TARGETED_DEVICE_FAMILY = "1,2";
				TEST_TARGET_NAME = "iCryptr (iOS)";
			};
			name = Debug;
		};
		C689E92C26CC99C700DCE7BD /* Release */ = {
			isa = XCBuildConfiguration;
			buildSettings = {
				ALWAYS_EMBED_SWIFT_STANDARD_LIBRARIES = YES;
				CODE_SIGN_STYLE = Automatic;
				DEVELOPMENT_TEAM = Y6FW7TXMBT;
				INFOPLIST_FILE = "Tests iOS/Info.plist";
				IPHONEOS_DEPLOYMENT_TARGET = 17.0;
				LD_RUNPATH_SEARCH_PATHS = (
					"$(inherited)",
					"@executable_path/Frameworks",
					"@loader_path/Frameworks",
				);
				PRODUCT_BUNDLE_IDENTIFIER = "com.brendanlindsey.iCryptr.Tests-iOS";
				PRODUCT_NAME = "$(TARGET_NAME)";
				SDKROOT = iphoneos;
				SWIFT_VERSION = 5.0;
				TARGETED_DEVICE_FAMILY = "1,2";
				TEST_TARGET_NAME = "iCryptr (iOS)";
				VALIDATE_PRODUCT = YES;
			};
			name = Release;
		};
		C689E92E26CC99C700DCE7BD /* Debug */ = {
			isa = XCBuildConfiguration;
			buildSettings = {
				ALWAYS_EMBED_SWIFT_STANDARD_LIBRARIES = YES;
				CODE_SIGN_STYLE = Automatic;
				COMBINE_HIDPI_IMAGES = YES;
				DEAD_CODE_STRIPPING = YES;
				DEVELOPMENT_TEAM = Y6FW7TXMBT;
				INFOPLIST_FILE = "Tests macOS/Info.plist";
				LD_RUNPATH_SEARCH_PATHS = (
					"$(inherited)",
					"@executable_path/../Frameworks",
					"@loader_path/../Frameworks",
				);
				MACOSX_DEPLOYMENT_TARGET = 11.3;
				PRODUCT_BUNDLE_IDENTIFIER = "com.brendanlindsey.iCryptr.Tests-macOS";
				PRODUCT_NAME = "$(TARGET_NAME)";
				SDKROOT = macosx;
				SWIFT_VERSION = 5.0;
				TEST_TARGET_NAME = "iCryptr (macOS)";
			};
			name = Debug;
		};
		C689E92F26CC99C700DCE7BD /* Release */ = {
			isa = XCBuildConfiguration;
			buildSettings = {
				ALWAYS_EMBED_SWIFT_STANDARD_LIBRARIES = YES;
				CODE_SIGN_STYLE = Automatic;
				COMBINE_HIDPI_IMAGES = YES;
				DEAD_CODE_STRIPPING = YES;
				DEVELOPMENT_TEAM = Y6FW7TXMBT;
				INFOPLIST_FILE = "Tests macOS/Info.plist";
				LD_RUNPATH_SEARCH_PATHS = (
					"$(inherited)",
					"@executable_path/../Frameworks",
					"@loader_path/../Frameworks",
				);
				MACOSX_DEPLOYMENT_TARGET = 11.3;
				PRODUCT_BUNDLE_IDENTIFIER = "com.brendanlindsey.iCryptr.Tests-macOS";
				PRODUCT_NAME = "$(TARGET_NAME)";
				SDKROOT = macosx;
				SWIFT_VERSION = 5.0;
				TEST_TARGET_NAME = "iCryptr (macOS)";
			};
			name = Release;
		};
		C6AE474F2BB272F9004635D5 /* Debug */ = {
			isa = XCBuildConfiguration;
			buildSettings = {
				ASSETCATALOG_COMPILER_GENERATE_SWIFT_ASSET_SYMBOL_EXTENSIONS = YES;
				CLANG_CXX_LANGUAGE_STANDARD = "gnu++20";
				CODE_SIGN_STYLE = Automatic;
				CURRENT_PROJECT_VERSION = 1;
				DEVELOPMENT_TEAM = Y6FW7TXMBT;
				GCC_C_LANGUAGE_STANDARD = gnu17;
				GENERATE_INFOPLIST_FILE = YES;
				INFOPLIST_FILE = ThumbnailProvider/Info.plist;
				INFOPLIST_KEY_CFBundleDisplayName = ThumbnailProvider;
				INFOPLIST_KEY_NSHumanReadableCopyright = "";
				IPHONEOS_DEPLOYMENT_TARGET = 17.0;
				LD_RUNPATH_SEARCH_PATHS = (
					"$(inherited)",
					"@executable_path/Frameworks",
					"@executable_path/../../Frameworks",
				);
				LOCALIZATION_PREFERS_STRING_CATALOGS = YES;
				MARKETING_VERSION = 1.0;
				PRODUCT_BUNDLE_IDENTIFIER = com.brendanlindsey.iCryptr.ThumbnailProvider;
				PRODUCT_NAME = "$(TARGET_NAME)";
				SDKROOT = iphoneos;
				SKIP_INSTALL = YES;
				SWIFT_ACTIVE_COMPILATION_CONDITIONS = "DEBUG $(inherited)";
				SWIFT_EMIT_LOC_STRINGS = YES;
				SWIFT_VERSION = 5.0;
				TARGETED_DEVICE_FAMILY = "1,2";
			};
			name = Debug;
		};
		C6AE47502BB272F9004635D5 /* Release */ = {
			isa = XCBuildConfiguration;
			buildSettings = {
				ASSETCATALOG_COMPILER_GENERATE_SWIFT_ASSET_SYMBOL_EXTENSIONS = YES;
				CLANG_CXX_LANGUAGE_STANDARD = "gnu++20";
				CODE_SIGN_STYLE = Automatic;
				CURRENT_PROJECT_VERSION = 1;
				DEVELOPMENT_TEAM = Y6FW7TXMBT;
				GCC_C_LANGUAGE_STANDARD = gnu17;
				GENERATE_INFOPLIST_FILE = YES;
				INFOPLIST_FILE = ThumbnailProvider/Info.plist;
				INFOPLIST_KEY_CFBundleDisplayName = ThumbnailProvider;
				INFOPLIST_KEY_NSHumanReadableCopyright = "";
				IPHONEOS_DEPLOYMENT_TARGET = 17.0;
				LD_RUNPATH_SEARCH_PATHS = (
					"$(inherited)",
					"@executable_path/Frameworks",
					"@executable_path/../../Frameworks",
				);
				LOCALIZATION_PREFERS_STRING_CATALOGS = YES;
				MARKETING_VERSION = 1.0;
				PRODUCT_BUNDLE_IDENTIFIER = com.brendanlindsey.iCryptr.ThumbnailProvider;
				PRODUCT_NAME = "$(TARGET_NAME)";
				SDKROOT = iphoneos;
				SKIP_INSTALL = YES;
				SWIFT_EMIT_LOC_STRINGS = YES;
				SWIFT_VERSION = 5.0;
				TARGETED_DEVICE_FAMILY = "1,2";
				VALIDATE_PRODUCT = YES;
			};
			name = Release;
		};
/* End XCBuildConfiguration section */

/* Begin XCConfigurationList section */
		C689E8F126CC99C600DCE7BD /* Build configuration list for PBXProject "iCryptr" */ = {
			isa = XCConfigurationList;
			buildConfigurations = (
				C689E92226CC99C700DCE7BD /* Debug */,
				C689E92326CC99C700DCE7BD /* Release */,
			);
			defaultConfigurationIsVisible = 0;
			defaultConfigurationName = Release;
		};
		C689E92426CC99C700DCE7BD /* Build configuration list for PBXNativeTarget "iCryptr (iOS)" */ = {
			isa = XCConfigurationList;
			buildConfigurations = (
				C689E92526CC99C700DCE7BD /* Debug */,
				C689E92626CC99C700DCE7BD /* Release */,
			);
			defaultConfigurationIsVisible = 0;
			defaultConfigurationName = Release;
		};
		C689E92726CC99C700DCE7BD /* Build configuration list for PBXNativeTarget "iCryptr (macOS)" */ = {
			isa = XCConfigurationList;
			buildConfigurations = (
				C689E92826CC99C700DCE7BD /* Debug */,
				C689E92926CC99C700DCE7BD /* Release */,
			);
			defaultConfigurationIsVisible = 0;
			defaultConfigurationName = Release;
		};
		C689E92A26CC99C700DCE7BD /* Build configuration list for PBXNativeTarget "Tests iOS" */ = {
			isa = XCConfigurationList;
			buildConfigurations = (
				C689E92B26CC99C700DCE7BD /* Debug */,
				C689E92C26CC99C700DCE7BD /* Release */,
			);
			defaultConfigurationIsVisible = 0;
			defaultConfigurationName = Release;
		};
		C689E92D26CC99C700DCE7BD /* Build configuration list for PBXNativeTarget "Tests macOS" */ = {
			isa = XCConfigurationList;
			buildConfigurations = (
				C689E92E26CC99C700DCE7BD /* Debug */,
				C689E92F26CC99C700DCE7BD /* Release */,
			);
			defaultConfigurationIsVisible = 0;
			defaultConfigurationName = Release;
		};
		C6AE474E2BB272F9004635D5 /* Build configuration list for PBXNativeTarget "ThumbnailProvider" */ = {
			isa = XCConfigurationList;
			buildConfigurations = (
				C6AE474F2BB272F9004635D5 /* Debug */,
				C6AE47502BB272F9004635D5 /* Release */,
			);
			defaultConfigurationIsVisible = 0;
			defaultConfigurationName = Release;
		};
/* End XCConfigurationList section */
	};
	rootObject = C689E8EE26CC99C600DCE7BD /* Project object */;
}
